
Microsoft Visual Studio Solution File, Format Version 12.00
# Visual Studio Version 16
VisualStudioVersion = 16.0.29326.143
MinimumVisualStudioVersion = 10.0.40219.1
Project("{FAE04EC0-301F-11D3-BF4B-00C04F79EFBC}") = "PaymentSchedule", "PaymentSchedule\PaymentSchedule.csproj", "{84BED2C3-211A-4F84-95BF-021DE9CD0D9C}"
EndProject
Global
	GlobalSection(SolutionConfigurationPlatforms) = preSolution
		Debug|Any CPU = Debug|Any CPU
		Release|Any CPU = Release|Any CPU
	EndGlobalSection
	GlobalSection(ProjectConfigurationPlatforms) = postSolution
		{84BED2C3-211A-4F84-95BF-021DE9CD0D9C}.Debug|Any CPU.ActiveCfg = Debug|Any CPU
		{84BED2C3-211A-4F84-95BF-021DE9CD0D9C}.Debug|Any CPU.Build.0 = Debug|Any CPU
		{84BED2C3-211A-4F84-95BF-021DE9CD0D9C}.Release|Any CPU.ActiveCfg = Release|Any CPU
		{84BED2C3-211A-4F84-95BF-021DE9CD0D9C}.Release|Any CPU.Build.0 = Release|Any CPU
	EndGlobalSection
	GlobalSection(SolutionProperties) = preSolution
		HideSolutionNode = FALSE
	EndGlobalSection
	GlobalSection(ExtensibilityGlobals) = postSolution
		SolutionGuid = {1AC930F5-6350-42A7-B6E8-12A4D8DA378C}
	EndGlobalSection
EndGlobal
